
Microsoft Visual Studio Solution File, Format Version 12.00
# Visual Studio Version 17
VisualStudioVersion = 17.3.32825.248
MinimumVisualStudioVersion = 10.0.40219.1
Project("{FAE04EC0-301F-11D3-BF4B-00C04F79EFBC}") = "RestaurantSupplier_National", "RestaurantSupplier_National.csproj", "{3396D105-536F-4885-B959-6D03A0E27A9E}"
EndProject
Global
	GlobalSection(SolutionConfigurationPlatforms) = preSolution
		Debug|Any CPU = Debug|Any CPU
		Release|Any CPU = Release|Any CPU
	EndGlobalSection
	GlobalSection(ProjectConfigurationPlatforms) = postSolution
		{3396D105-536F-4885-B959-6D03A0E27A9E}.Debug|Any CPU.ActiveCfg = Debug|Any CPU
		{3396D105-536F-4885-B959-6D03A0E27A9E}.Debug|Any CPU.Build.0 = Debug|Any CPU
		{3396D105-536F-4885-B959-6D03A0E27A9E}.Release|Any CPU.ActiveCfg = Release|Any CPU
		{3396D105-536F-4885-B959-6D03A0E27A9E}.Release|Any CPU.Build.0 = Release|Any CPU
	EndGlobalSection
	GlobalSection(SolutionProperties) = preSolution
		HideSolutionNode = FALSE
	EndGlobalSection
	GlobalSection(ExtensibilityGlobals) = postSolution
		SolutionGuid = {1341E25C-5BB6-4EE2-8A9D-9B645B38E94E}
	EndGlobalSection
EndGlobal
